{
  "name": "slim-select.reproducer",
  "version": "1.0.0",
  "lockfileVersion": 1,
  "requires": true,
  "dependencies": {
    "bourbon": {
      "version": "5.1.0",
      "resolved": "https://registry.npmjs.org/bourbon/-/bourbon-5.1.0.tgz",
      "integrity": "sha512-rO4rwNAVNuzPmnL+DruxAe7DR2YFFo4nHsgDVRd9URMgDxtHmVBUnvFLXPan6teVe7jkybCyxcnR+CKClotj3g=="
    },
    "nanoajax": {
      "version": "0.4.3",
      "resolved": "https://registry.npmjs.org/nanoajax/-/nanoajax-0.4.3.tgz",
      "integrity": "sha1-r3q+wQjXJPuX9vdfEcKmPPMVopg="
    },
    "normalize.css": {
      "version": "8.0.1",
      "resolved": "https://registry.npmjs.org/normalize.css/-/normalize.css-8.0.1.tgz",
      "integrity": "sha512-qizSNPO93t1YUuUhP22btGOo3chcvDFqFaj2TRybP0DMxkHOCTYwp3n34fel4a31ORXy4m1Xq0Gyqpb5m33qIg=="
    },
    "slim-select": {
      "version": "1.18.7",
      "resolved": "https://registry.npmjs.org/slim-select/-/slim-select-1.18.7.tgz",
      "integrity": "sha512-XAqcVu6NbF1EHZPvQpSeg3rKpIKTbVLwfm9pjTwghdErgXjyGmUIt3pDa3C1aDrQIHzGPZezg8T4SY8F6tQfhQ=="
    },
    "susy": {
      "version": "3.0.5",
      "resolved": "https://registry.npmjs.org/susy/-/susy-3.0.5.tgz",
      "integrity": "sha512-Adc67mYO0n7eKn0lnyVOMN9lqA3JrHE/NAMfOQQnm2g8yvcZpmcrNfiHjfQXVodXdZE1PyluPnUjPhezaKGztA=="
    }
  }
}
